
Microsoft Visual Studio Solution File, Format Version 12.00
# Visual Studio Version 17
VisualStudioVersion = 17.8.34330.188
MinimumVisualStudioVersion = 10.0.40219.1
Project("{FAE04EC0-301F-11D3-BF4B-00C04F79EFBC}") = "stage0", "stage0\stage0.csproj", "{C9866199-B2D5-408E-8679-FE7FDD448A97}"
EndProject
Global
	GlobalSection(SolutionConfigurationPlatforms) = preSolution
		Debug|Any CPU = Debug|Any CPU
		Release|Any CPU = Release|Any CPU
	EndGlobalSection
	GlobalSection(ProjectConfigurationPlatforms) = postSolution
		{C9866199-B2D5-408E-8679-FE7FDD448A97}.Debug|Any CPU.ActiveCfg = Debug|Any CPU
		{C9866199-B2D5-408E-8679-FE7FDD448A97}.Debug|Any CPU.Build.0 = Debug|Any CPU
		{C9866199-B2D5-408E-8679-FE7FDD448A97}.Release|Any CPU.ActiveCfg = Release|Any CPU
		{C9866199-B2D5-408E-8679-FE7FDD448A97}.Release|Any CPU.Build.0 = Release|Any CPU
	EndGlobalSection
	GlobalSection(SolutionProperties) = preSolution
		HideSolutionNode = FALSE
	EndGlobalSection
	GlobalSection(ExtensibilityGlobals) = postSolution
		SolutionGuid = {65AE6A43-3AEA-4F45-9384-50FBD5498926}
	EndGlobalSection
EndGlobal
